
Microsoft Visual Studio Solution File, Format Version 12.00
# Visual Studio Version 17
VisualStudioVersion = 17.10.35122.118
MinimumVisualStudioVersion = 10.0.40219.1
Project("{FAE04EC0-301F-11D3-BF4B-00C04F79EFBC}") = "FBT.ShareModels", "FBT.ShareModels\FBT.ShareModels.csproj", "{D094F01B-5DDE-4309-83CC-12A885028F6C}"
EndProject
Global
	GlobalSection(SolutionConfigurationPlatforms) = preSolution
		Debug|Any CPU = Debug|Any CPU
		Release|Any CPU = Release|Any CPU
	EndGlobalSection
	GlobalSection(ProjectConfigurationPlatforms) = postSolution
		{D094F01B-5DDE-4309-83CC-12A885028F6C}.Debug|Any CPU.ActiveCfg = Debug|Any CPU
		{D094F01B-5DDE-4309-83CC-12A885028F6C}.Debug|Any CPU.Build.0 = Debug|Any CPU
		{D094F01B-5DDE-4309-83CC-12A885028F6C}.Release|Any CPU.ActiveCfg = Release|Any CPU
		{D094F01B-5DDE-4309-83CC-12A885028F6C}.Release|Any CPU.Build.0 = Release|Any CPU
	EndGlobalSection
	GlobalSection(SolutionProperties) = preSolution
		HideSolutionNode = FALSE
	EndGlobalSection
	GlobalSection(ExtensibilityGlobals) = postSolution
		SolutionGuid = {49F49C1F-49A0-4A48-8569-3F030B9C504C}
	EndGlobalSection
EndGlobal
